
Microsoft Visual Studio Solution File, Format Version 12.00
# Visual Studio Version 17
VisualStudioVersion = 17.14.36414.22
MinimumVisualStudioVersion = 10.0.40219.1
Project("{FAE04EC0-301F-11D3-BF4B-00C04F79EFBC}") = "Week1", "Week1\Week1.csproj", "{FD07A151-77F2-4BE5-949A-2AA1EA230580}"
EndProject
Project("{FAE04EC0-301F-11D3-BF4B-00C04F79EFBC}") = "Week2", "Week2\Week2.csproj", "{CF7924BB-A7ED-4759-A4F5-9F4B75E5A6A1}"
EndProject
Project("{FAE04EC0-301F-11D3-BF4B-00C04F79EFBC}") = "Week3", "Week3\Week3.csproj", "{0DAF55A6-914B-47FC-98EE-10B54B90787B}"
EndProject
Project("{FAE04EC0-301F-11D3-BF4B-00C04F79EFBC}") = "Week4", "Week4\Week4.csproj", "{4C051BD1-FB0F-4820-8F96-BF915A39A304}"
EndProject
Global
	GlobalSection(SolutionConfigurationPlatforms) = preSolution
		Debug|Any CPU = Debug|Any CPU
		Release|Any CPU = Release|Any CPU
	EndGlobalSection
	GlobalSection(ProjectConfigurationPlatforms) = postSolution
		{FD07A151-77F2-4BE5-949A-2AA1EA230580}.Debug|Any CPU.ActiveCfg = Debug|Any CPU
		{FD07A151-77F2-4BE5-949A-2AA1EA230580}.Debug|Any CPU.Build.0 = Debug|Any CPU
		{FD07A151-77F2-4BE5-949A-2AA1EA230580}.Release|Any CPU.ActiveCfg = Release|Any CPU
		{FD07A151-77F2-4BE5-949A-2AA1EA230580}.Release|Any CPU.Build.0 = Release|Any CPU
		{CF7924BB-A7ED-4759-A4F5-9F4B75E5A6A1}.Debug|Any CPU.ActiveCfg = Debug|Any CPU
		{CF7924BB-A7ED-4759-A4F5-9F4B75E5A6A1}.Debug|Any CPU.Build.0 = Debug|Any CPU
		{CF7924BB-A7ED-4759-A4F5-9F4B75E5A6A1}.Release|Any CPU.ActiveCfg = Release|Any CPU
		{CF7924BB-A7ED-4759-A4F5-9F4B75E5A6A1}.Release|Any CPU.Build.0 = Release|Any CPU
		{0DAF55A6-914B-47FC-98EE-10B54B90787B}.Debug|Any CPU.ActiveCfg = Debug|Any CPU
		{0DAF55A6-914B-47FC-98EE-10B54B90787B}.Debug|Any CPU.Build.0 = Debug|Any CPU
		{0DAF55A6-914B-47FC-98EE-10B54B90787B}.Release|Any CPU.ActiveCfg = Release|Any CPU
		{0DAF55A6-914B-47FC-98EE-10B54B90787B}.Release|Any CPU.Build.0 = Release|Any CPU
		{4C051BD1-FB0F-4820-8F96-BF915A39A304}.Debug|Any CPU.ActiveCfg = Debug|Any CPU
		{4C051BD1-FB0F-4820-8F96-BF915A39A304}.Debug|Any CPU.Build.0 = Debug|Any CPU
		{4C051BD1-FB0F-4820-8F96-BF915A39A304}.Release|Any CPU.ActiveCfg = Release|Any CPU
		{4C051BD1-FB0F-4820-8F96-BF915A39A304}.Release|Any CPU.Build.0 = Release|Any CPU
	EndGlobalSection
	GlobalSection(SolutionProperties) = preSolution
		HideSolutionNode = FALSE
	EndGlobalSection
	GlobalSection(ExtensibilityGlobals) = postSolution
		SolutionGuid = {3E448FA5-83ED-4EBC-914A-B8B6539759A9}
	EndGlobalSection
EndGlobal
